
Microsoft Visual Studio Solution File, Format Version 12.00
# Visual Studio Version 16
VisualStudioVersion = 16.0.31729.503
MinimumVisualStudioVersion = 10.0.40219.1
Project("{FAE04EC0-301F-11D3-BF4B-00C04F79EFBC}") = "DemoApp", "src\DemoApp\DemoApp.csproj", "{D6CE6593-F31F-488F-89F1-CCFFE22468A4}"
EndProject
Project("{2150E333-8FDC-42A3-9474-1A3956D46DE8}") = "Solution Items", "Solution Items", "{2F68D854-C87A-43FA-B3FF-0B2F5DBF79F6}"
	ProjectSection(SolutionItems) = preProject
		Directory.Build.props = Directory.Build.props
		Packages.props = Packages.props
	EndProjectSection
EndProject
Global
	GlobalSection(SolutionConfigurationPlatforms) = preSolution
		Debug|Any CPU = Debug|Any CPU
		Release|Any CPU = Release|Any CPU
	EndGlobalSection
	GlobalSection(ProjectConfigurationPlatforms) = postSolution
		{D6CE6593-F31F-488F-89F1-CCFFE22468A4}.Debug|Any CPU.ActiveCfg = Debug|Any CPU
		{D6CE6593-F31F-488F-89F1-CCFFE22468A4}.Debug|Any CPU.Build.0 = Debug|Any CPU
		{D6CE6593-F31F-488F-89F1-CCFFE22468A4}.Release|Any CPU.ActiveCfg = Release|Any CPU
		{D6CE6593-F31F-488F-89F1-CCFFE22468A4}.Release|Any CPU.Build.0 = Release|Any CPU
	EndGlobalSection
	GlobalSection(SolutionProperties) = preSolution
		HideSolutionNode = FALSE
	EndGlobalSection
	GlobalSection(ExtensibilityGlobals) = postSolution
		SolutionGuid = {7E2F5F92-5E60-4A61-B8D9-4C6A256F10F9}
	EndGlobalSection
EndGlobal
